
Microsoft Visual Studio Solution File, Format Version 12.00
# Visual Studio Version 16
VisualStudioVersion = 25.0.1703.4
MinimumVisualStudioVersion = 10.0.40219.1
Project("{FAE04EC0-301F-11D3-BF4B-00C04F79EFBC}") = "Homework7_2_Kitten", "Homework7_2_Kitten\Homework7_2_Kitten.csproj", "{DFF984B1-3C7D-4EE4-AB35-889A2ADB6779}"
EndProject
Global
	GlobalSection(SolutionConfigurationPlatforms) = preSolution
		Debug|Any CPU = Debug|Any CPU
		Release|Any CPU = Release|Any CPU
	EndGlobalSection
	GlobalSection(ProjectConfigurationPlatforms) = postSolution
		{DFF984B1-3C7D-4EE4-AB35-889A2ADB6779}.Debug|Any CPU.ActiveCfg = Debug|Any CPU
		{DFF984B1-3C7D-4EE4-AB35-889A2ADB6779}.Debug|Any CPU.Build.0 = Debug|Any CPU
		{DFF984B1-3C7D-4EE4-AB35-889A2ADB6779}.Release|Any CPU.ActiveCfg = Release|Any CPU
		{DFF984B1-3C7D-4EE4-AB35-889A2ADB6779}.Release|Any CPU.Build.0 = Release|Any CPU
	EndGlobalSection
	GlobalSection(SolutionProperties) = preSolution
		HideSolutionNode = FALSE
	EndGlobalSection
	GlobalSection(ExtensibilityGlobals) = postSolution
		SolutionGuid = {BD000370-BBA1-48AD-BC6E-5F5D9B01CAB5}
	EndGlobalSection
EndGlobal
